
Microsoft Visual Studio Solution File, Format Version 12.00
# Visual Studio Version 17
VisualStudioVersion = 17.8.34408.163
MinimumVisualStudioVersion = 10.0.40219.1
Project("{9A19103F-16F7-4668-BE54-9A1E7A4F7556}") = "HOT_03_01", "HOT_03_01\HOT_03_01.csproj", "{D61C6C56-E374-49EA-B13A-8FF1EC6285E2}"
EndProject
Project("{FAE04EC0-301F-11D3-BF4B-00C04F79EFBC}") = "HOT_03_02", "HOT_03_02\HOT_03_02.csproj", "{851ED1E6-648B-4892-8EA3-91A31CB2B1E1}"
EndProject
Global
	GlobalSection(SolutionConfigurationPlatforms) = preSolution
		Debug|Any CPU = Debug|Any CPU
		Release|Any CPU = Release|Any CPU
	EndGlobalSection
	GlobalSection(ProjectConfigurationPlatforms) = postSolution
		{D61C6C56-E374-49EA-B13A-8FF1EC6285E2}.Debug|Any CPU.ActiveCfg = Debug|Any CPU
		{D61C6C56-E374-49EA-B13A-8FF1EC6285E2}.Debug|Any CPU.Build.0 = Debug|Any CPU
		{D61C6C56-E374-49EA-B13A-8FF1EC6285E2}.Release|Any CPU.ActiveCfg = Release|Any CPU
		{D61C6C56-E374-49EA-B13A-8FF1EC6285E2}.Release|Any CPU.Build.0 = Release|Any CPU
		{851ED1E6-648B-4892-8EA3-91A31CB2B1E1}.Debug|Any CPU.ActiveCfg = Debug|Any CPU
		{851ED1E6-648B-4892-8EA3-91A31CB2B1E1}.Debug|Any CPU.Build.0 = Debug|Any CPU
		{851ED1E6-648B-4892-8EA3-91A31CB2B1E1}.Release|Any CPU.ActiveCfg = Release|Any CPU
		{851ED1E6-648B-4892-8EA3-91A31CB2B1E1}.Release|Any CPU.Build.0 = Release|Any CPU
	EndGlobalSection
	GlobalSection(SolutionProperties) = preSolution
		HideSolutionNode = FALSE
	EndGlobalSection
	GlobalSection(ExtensibilityGlobals) = postSolution
		SolutionGuid = {06C32B86-B580-4116-A512-D78481035624}
	EndGlobalSection
EndGlobal
